
Microsoft Visual Studio Solution File, Format Version 12.00
# Visual Studio Version 17
VisualStudioVersion = 17.9.34622.214
MinimumVisualStudioVersion = 10.0.40219.1
Project("{9A19103F-16F7-4668-BE54-9A1E7A4F7556}") = "mis_clases", "Evaluacion\mis_clases.csproj", "{0A1B338E-E409-443B-A758-DB1C315CBFB2}"
EndProject
Project("{9A19103F-16F7-4668-BE54-9A1E7A4F7556}") = "testeo", "testeo\testeo.csproj", "{E9BB27CC-015C-4390-B914-F0819FA308C5}"
EndProject
Project("{9A19103F-16F7-4668-BE54-9A1E7A4F7556}") = "Forms", "Forms\Forms.csproj", "{74EE09D5-F186-4774-ABAA-B399F5C1C971}"
EndProject
Global
	GlobalSection(SolutionConfigurationPlatforms) = preSolution
		Debug|Any CPU = Debug|Any CPU
		Release|Any CPU = Release|Any CPU
	EndGlobalSection
	GlobalSection(ProjectConfigurationPlatforms) = postSolution
		{0A1B338E-E409-443B-A758-DB1C315CBFB2}.Debug|Any CPU.ActiveCfg = Debug|Any CPU
		{0A1B338E-E409-443B-A758-DB1C315CBFB2}.Debug|Any CPU.Build.0 = Debug|Any CPU
		{0A1B338E-E409-443B-A758-DB1C315CBFB2}.Release|Any CPU.ActiveCfg = Release|Any CPU
		{0A1B338E-E409-443B-A758-DB1C315CBFB2}.Release|Any CPU.Build.0 = Release|Any CPU
		{E9BB27CC-015C-4390-B914-F0819FA308C5}.Debug|Any CPU.ActiveCfg = Debug|Any CPU
		{E9BB27CC-015C-4390-B914-F0819FA308C5}.Debug|Any CPU.Build.0 = Debug|Any CPU
		{E9BB27CC-015C-4390-B914-F0819FA308C5}.Release|Any CPU.ActiveCfg = Release|Any CPU
		{E9BB27CC-015C-4390-B914-F0819FA308C5}.Release|Any CPU.Build.0 = Release|Any CPU
		{74EE09D5-F186-4774-ABAA-B399F5C1C971}.Debug|Any CPU.ActiveCfg = Debug|Any CPU
		{74EE09D5-F186-4774-ABAA-B399F5C1C971}.Debug|Any CPU.Build.0 = Debug|Any CPU
		{74EE09D5-F186-4774-ABAA-B399F5C1C971}.Release|Any CPU.ActiveCfg = Release|Any CPU
		{74EE09D5-F186-4774-ABAA-B399F5C1C971}.Release|Any CPU.Build.0 = Release|Any CPU
	EndGlobalSection
	GlobalSection(SolutionProperties) = preSolution
		HideSolutionNode = FALSE
	EndGlobalSection
	GlobalSection(ExtensibilityGlobals) = postSolution
		SolutionGuid = {4DF87DA8-92DD-4A76-B552-76AF3A1BAA67}
	EndGlobalSection
EndGlobal
